// !$*UTF8*$!
{
	archiveVersion = 1;
	classes = {
	};
	objectVersion = 46;
	objects = {

/* Begin PBXBuildFile section */
		4AF459F21C6F73E000F138C4 /* AppDelegate.swift in Sources */ = {isa = PBXBuildFile; fileRef = 4AF459F11C6F73E000F138C4 /* AppDelegate.swift */; };
		4AF459F41C6F73E000F138C4 /* ViewController.swift in Sources */ = {isa = PBXBuildFile; fileRef = 4AF459F31C6F73E000F138C4 /* ViewController.swift */; };
		4AF459F71C6F73E100F138C4 /* Main.storyboard in Resources */ = {isa = PBXBuildFile; fileRef = 4AF459F51C6F73E100F138C4 /* Main.storyboard */; };
		4AF459F91C6F73E100F138C4 /* Assets.xcassets in Resources */ = {isa = PBXBuildFile; fileRef = 4AF459F81C6F73E100F138C4 /* Assets.xcassets */; };
		4AF459FC1C6F73E100F138C4 /* LaunchScreen.storyboard in Resources */ = {isa = PBXBuildFile; fileRef = 4AF459FA1C6F73E100F138C4 /* LaunchScreen.storyboard */; };
		4AF45A071C6F73E100F138C4 /* nyclitTests.swift in Sources */ = {isa = PBXBuildFile; fileRef = 4AF45A061C6F73E100F138C4 /* nyclitTests.swift */; };
		4AF45A121C6F73E100F138C4 /* nyclitUITests.swift in Sources */ = {isa = PBXBuildFile; fileRef = 4AF45A111C6F73E100F138C4 /* nyclitUITests.swift */; };
/* End PBXBuildFile section */

/* Begin PBXContainerItemProxy section */
		4AF45A031C6F73E100F138C4 /* PBXContainerItemProxy */ = {
			isa = PBXContainerItemProxy;
			containerPortal = 4AF459E61C6F73E000F138C4 /* Project object */;
			proxyType = 1;
			remoteGlobalIDString = 4AF459ED1C6F73E000F138C4;
			remoteInfo = nyclit;
		};
		4AF45A0E1C6F73E100F138C4 /* PBXContainerItemProxy */ = {
			isa = PBXContainerItemProxy;
			containerPortal = 4AF459E61C6F73E000F138C4 /* Project object */;
			proxyType = 1;
			remoteGlobalIDString = 4AF459ED1C6F73E000F138C4;
			remoteInfo = nyclit;
		};
/* End PBXContainerItemProxy section */

/* Begin PBXFileReference section */
		4AF459EE1C6F73E000F138C4 /* nyclit.app */ = {isa = PBXFileReference; explicitFileType = wrapper.application; includeInIndex = 0; path = nyclit.app; sourceTree = BUILT_PRODUCTS_DIR; };
		4AF459F11C6F73E000F138C4 /* AppDelegate.swift */ = {isa = PBXFileReference; lastKnownFileType = sourcecode.swift; path = AppDelegate.swift; sourceTree = "<group>"; };
		4AF459F31C6F73E000F138C4 /* ViewController.swift */ = {isa = PBXFileReference; lastKnownFileType = sourcecode.swift; path = ViewController.swift; sourceTree = "<group>"; };
		4AF459F61C6F73E100F138C4 /* Base */ = {isa = PBXFileReference; lastKnownFileType = file.storyboard; name = Base; path = Base.lproj/Main.storyboard; sourceTree = "<group>"; };
		4AF459F81C6F73E100F138C4 /* Assets.xcassets */ = {isa = PBXFileReference; lastKnownFileType = folder.assetcatalog; path = Assets.xcassets; sourceTree = "<group>"; };
		4AF459FB1C6F73E100F138C4 /* Base */ = {isa = PBXFileReference; lastKnownFileType = file.storyboard; name = Base; path = Base.lproj/LaunchScreen.storyboard; sourceTree = "<group>"; };
		4AF459FD1C6F73E100F138C4 /* Info.plist */ = {isa = PBXFileReference; lastKnownFileType = text.plist.xml; path = Info.plist; sourceTree = "<group>"; };
		4AF45A021C6F73E100F138C4 /* nyclitTests.xctest */ = {isa = PBXFileReference; explicitFileType = wrapper.cfbundle; includeInIndex = 0; path = nyclitTests.xctest; sourceTree = BUILT_PRODUCTS_DIR; };
		4AF45A061C6F73E100F138C4 /* nyclitTests.swift */ = {isa = PBXFileReference; lastKnownFileType = sourcecode.swift; path = nyclitTests.swift; sourceTree = "<group>"; };
		4AF45A081C6F73E100F138C4 /* Info.plist */ = {isa = PBXFileReference; lastKnownFileType = text.plist.xml; path = Info.plist; sourceTree = "<group>"; };
		4AF45A0D1C6F73E100F138C4 /* nyclitUITests.xctest */ = {isa = PBXFileReference; explicitFileType = wrapper.cfbundle; includeInIndex = 0; path = nyclitUITests.xctest; sourceTree = BUILT_PRODUCTS_DIR; };
		4AF45A111C6F73E100F138C4 /* nyclitUITests.swift */ = {isa = PBXFileReference; lastKnownFileType = sourcecode.swift; path = nyclitUITests.swift; sourceTree = "<group>"; };
		4AF45A131C6F73E100F138C4 /* Info.plist */ = {isa = PBXFileReference; lastKnownFileType = text.plist.xml; path = Info.plist; sourceTree = "<group>"; };
/* End PBXFileReference section */

/* Begin PBXFrameworksBuildPhase section */
		4AF459EB1C6F73E000F138C4 /* Frameworks */ = {
			isa = PBXFrameworksBuildPhase;
			buildActionMask = 2147483647;
			files = (
			);
			runOnlyForDeploymentPostprocessing = 0;
		};
		4AF459FF1C6F73E100F138C4 /* Frameworks */ = {
			isa = PBXFrameworksBuildPhase;
			buildActionMask = 2147483647;
			files = (
			);
			runOnlyForDeploymentPostprocessing = 0;
		};
		4AF45A0A1C6F73E100F138C4 /* Frameworks */ = {
			isa = PBXFrameworksBuildPhase;
			buildActionMask = 2147483647;
			files = (
			);
			runOnlyForDeploymentPostprocessing = 0;
		};
/* End PBXFrameworksBuildPhase section */

/* Begin PBXGroup section */
		4AF459E51C6F73E000F138C4 = {
			isa = PBXGroup;
			children = (
				4AF459F01C6F73E000F138C4 /* nyclit */,
				4AF45A051C6F73E100F138C4 /* nyclitTests */,
				4AF45A101C6F73E100F138C4 /* nyclitUITests */,
				4AF459EF1C6F73E000F138C4 /* Products */,
			);
			sourceTree = "<group>";
		};
		4AF459EF1C6F73E000F138C4 /* Products */ = {
			isa = PBXGroup;
			children = (
				4AF459EE1C6F73E000F138C4 /* nyclit.app */,
				4AF45A021C6F73E100F138C4 /* nyclitTests.xctest */,
				4AF45A0D1C6F73E100F138C4 /* nyclitUITests.xctest */,
			);
			name = Products;
			sourceTree = "<group>";
		};
		4AF459F01C6F73E000F138C4 /* nyclit */ = {
			isa = PBXGroup;
			children = (
				4AF459F11C6F73E000F138C4 /* AppDelegate.swift */,
				4AF459F31C6F73E000F138C4 /* ViewController.swift */,
				4AF459F51C6F73E100F138C4 /* Main.storyboard */,
				4AF459F81C6F73E100F138C4 /* Assets.xcassets */,
				4AF459FA1C6F73E100F138C4 /* LaunchScreen.storyboard */,
				4AF459FD1C6F73E100F138C4 /* Info.plist */,
			);
			path = nyclit;
			sourceTree = "<group>";
		};
		4AF45A051C6F73E100F138C4 /* nyclitTests */ = {
			isa = PBXGroup;
			children = (
				4AF45A061C6F73E100F138C4 /* nyclitTests.swift */,
				4AF45A081C6F73E100F138C4 /* Info.plist */,
			);
			path = nyclitTests;
			sourceTree = "<group>";
		};
		4AF45A101C6F73E100F138C4 /* nyclitUITests */ = {
			isa = PBXGroup;
			children = (
				4AF45A111C6F73E100F138C4 /* nyclitUITests.swift */,
				4AF45A131C6F73E100F138C4 /* Info.plist */,
			);
			path = nyclitUITests;
			sourceTree = "<group>";
		};
/* End PBXGroup section */

/* Begin PBXNativeTarget section */
		4AF459ED1C6F73E000F138C4 /* nyclit */ = {
			isa = PBXNativeTarget;
			buildConfigurationList = 4AF45A161C6F73E100F138C4 /* Build configuration list for PBXNativeTarget "nyclit" */;
			buildPhases = (
				4AF459EA1C6F73E000F138C4 /* Sources */,
				4AF459EB1C6F73E000F138C4 /* Frameworks */,
				4AF459EC1C6F73E000F138C4 /* Resources */,
			);
			buildRules = (
			);
			dependencies = (
			);
			name = nyclit;
			productName = nyclit;
			productReference = 4AF459EE1C6F73E000F138C4 /* nyclit.app */;
			productType = "com.apple.product-type.application";
		};
		4AF45A011C6F73E100F138C4 /* nyclitTests */ = {
			isa = PBXNativeTarget;
			buildConfigurationList = 4AF45A191C6F73E100F138C4 /* Build configuration list for PBXNativeTarget "nyclitTests" */;
			buildPhases = (
				4AF459FE1C6F73E100F138C4 /* Sources */,
				4AF459FF1C6F73E100F138C4 /* Frameworks */,
				4AF45A001C6F73E100F138C4 /* Resources */,
			);
			buildRules = (
			);
			dependencies = (
				4AF45A041C6F73E100F138C4 /* PBXTargetDependency */,
			);
			name = nyclitTests;
			productName = nyclitTests;
			productReference = 4AF45A021C6F73E100F138C4 /* nyclitTests.xctest */;
			productType = "com.apple.product-type.bundle.unit-test";
		};
		4AF45A0C1C6F73E100F138C4 /* nyclitUITests */ = {
			isa = PBXNativeTarget;
			buildConfigurationList = 4AF45A1C1C6F73E100F138C4 /* Build configuration list for PBXNativeTarget "nyclitUITests" */;
			buildPhases = (
				4AF45A091C6F73E100F138C4 /* Sources */,
				4AF45A0A1C6F73E100F138C4 /* Frameworks */,
				4AF45A0B1C6F73E100F138C4 /* Resources */,
			);
			buildRules = (
			);
			dependencies = (
				4AF45A0F1C6F73E100F138C4 /* PBXTargetDependency */,
			);
			name = nyclitUITests;
			productName = nyclitUITests;
			productReference = 4AF45A0D1C6F73E100F138C4 /* nyclitUITests.xctest */;
			productType = "com.apple.product-type.bundle.ui-testing";
		};
/* End PBXNativeTarget section */

/* Begin PBXProject section */
		4AF459E61C6F73E000F138C4 /* Project object */ = {
			isa = PBXProject;
			attributes = {
				LastSwiftUpdateCheck = 0720;
				LastUpgradeCheck = 0720;
				ORGANIZATIONNAME = BMPQ;
				TargetAttributes = {
					4AF459ED1C6F73E000F138C4 = {
						CreatedOnToolsVersion = 7.2.1;
					};
					4AF45A011C6F73E100F138C4 = {
						CreatedOnToolsVersion = 7.2.1;
						TestTargetID = 4AF459ED1C6F73E000F138C4;
					};
					4AF45A0C1C6F73E100F138C4 = {
						CreatedOnToolsVersion = 7.2.1;
						TestTargetID = 4AF459ED1C6F73E000F138C4;
					};
				};
			};
			buildConfigurationList = 4AF459E91C6F73E000F138C4 /* Build configuration list for PBXProject "nyclit" */;
			compatibilityVersion = "Xcode 3.2";
			developmentRegion = English;
			hasScannedForEncodings = 0;
			knownRegions = (
				en,
				Base,
			);
			mainGroup = 4AF459E51C6F73E000F138C4;
			productRefGroup = 4AF459EF1C6F73E000F138C4 /* Products */;
			projectDirPath = "";
			projectRoot = "";
			targets = (
				4AF459ED1C6F73E000F138C4 /* nyclit */,
				4AF45A011C6F73E100F138C4 /* nyclitTests */,
				4AF45A0C1C6F73E100F138C4 /* nyclitUITests */,
			);
		};
/* End PBXProject section */

/* Begin PBXResourcesBuildPhase section */
		4AF459EC1C6F73E000F138C4 /* Resources */ = {
			isa = PBXResourcesBuildPhase;
			buildActionMask = 2147483647;
			files = (
				4AF459FC1C6F73E100F138C4 /* LaunchScreen.storyboard in Resources */,
				4AF459F91C6F73E100F138C4 /* Assets.xcassets in Resources */,
				4AF459F71C6F73E100F138C4 /* Main.storyboard in Resources */,
			);
			runOnlyForDeploymentPostprocessing = 0;
		};
		4AF45A001C6F73E100F138C4 /* Resources */ = {
			isa = PBXResourcesBuildPhase;
			buildActionMask = 2147483647;
			files = (
			);
			runOnlyForDeploymentPostprocessing = 0;
		};
		4AF45A0B1C6F73E100F138C4 /* Resources */ = {
			isa = PBXResourcesBuildPhase;
			buildActionMask = 2147483647;
			files = (
			);
			runOnlyForDeploymentPostprocessing = 0;
		};
/* End PBXResourcesBuildPhase section */

/* Begin PBXSourcesBuildPhase section */
		4AF459EA1C6F73E000F138C4 /* Sources */ = {
			isa = PBXSourcesBuildPhase;
			buildActionMask = 2147483647;
			files = (
				4AF459F41C6F73E000F138C4 /* ViewController.swift in Sources */,
				4AF459F21C6F73E000F138C4 /* AppDelegate.swift in Sources */,
			);
			runOnlyForDeploymentPostprocessing = 0;
		};
		4AF459FE1C6F73E100F138C4 /* Sources */ = {
			isa = PBXSourcesBuildPhase;
			buildActionMask = 2147483647;
			files = (
				4AF45A071C6F73E100F138C4 /* nyclitTests.swift in Sources */,
			);
			runOnlyForDeploymentPostprocessing = 0;
		};
		4AF45A091C6F73E100F138C4 /* Sources */ = {
			isa = PBXSourcesBuildPhase;
			buildActionMask = 2147483647;
			files = (
				4AF45A121C6F73E100F138C4 /* nyclitUITests.swift in Sources */,
			);
			runOnlyForDeploymentPostprocessing = 0;
		};
/* End PBXSourcesBuildPhase section */

/* Begin PBXTargetDependency section */
		4AF45A041C6F73E100F138C4 /* PBXTargetDependency */ = {
			isa = PBXTargetDependency;
			target = 4AF459ED1C6F73E000F138C4 /* nyclit */;
			targetProxy = 4AF45A031C6F73E100F138C4 /* PBXContainerItemProxy */;
		};
		4AF45A0F1C6F73E100F138C4 /* PBXTargetDependency */ = {
			isa = PBXTargetDependency;
			target = 4AF459ED1C6F73E000F138C4 /* nyclit */;
			targetProxy = 4AF45A0E1C6F73E100F138C4 /* PBXContainerItemProxy */;
		};
/* End PBXTargetDependency section */

/* Begin PBXVariantGroup section */
		4AF459F51C6F73E100F138C4 /* Main.storyboard */ = {
			isa = PBXVariantGroup;
			children = (
				4AF459F61C6F73E100F138C4 /* Base */,
			);
			name = Main.storyboard;
			sourceTree = "<group>";
		};
		4AF459FA1C6F73E100F138C4 /* LaunchScreen.storyboard */ = {
			isa = PBXVariantGroup;
			children = (
				4AF459FB1C6F73E100F138C4 /* Base */,
			);
			name = LaunchScreen.storyboard;
			sourceTree = "<group>";
		};
/* End PBXVariantGroup section */

/* Begin XCBuildConfiguration section */
		4AF45A141C6F73E100F138C4 /* Debug */ = {
			isa = XCBuildConfiguration;
			buildSettings = {
				ALWAYS_SEARCH_USER_PATHS = NO;
				CLANG_CXX_LANGUAGE_STANDARD = "gnu++0x";
				CLANG_CXX_LIBRARY = "libc++";
				CLANG_ENABLE_MODULES = YES;
				CLANG_ENABLE_OBJC_ARC = YES;
				CLANG_WARN_BOOL_CONVERSION = YES;
				CLANG_WARN_CONSTANT_CONVERSION = YES;
				CLANG_WARN_DIRECT_OBJC_ISA_USAGE = YES_ERROR;
				CLANG_WARN_EMPTY_BODY = YES;
				CLANG_WARN_ENUM_CONVERSION = YES;
				CLANG_WARN_INT_CONVERSION = YES;
				CLANG_WARN_OBJC_ROOT_CLASS = YES_ERROR;
				CLANG_WARN_UNREACHABLE_CODE = YES;
				CLANG_WARN__DUPLICATE_METHOD_MATCH = YES;
				"CODE_SIGN_IDENTITY[sdk=iphoneos*]" = "iPhone Developer";
				COPY_PHASE_STRIP = NO;
				DEBUG_INFORMATION_FORMAT = dwarf;
				ENABLE_STRICT_OBJC_MSGSEND = YES;
				ENABLE_TESTABILITY = YES;
				GCC_C_LANGUAGE_STANDARD = gnu99;
				GCC_DYNAMIC_NO_PIC = NO;
				GCC_NO_COMMON_BLOCKS = YES;
				GCC_OPTIMIZATION_LEVEL = 0;
				GCC_PREPROCESSOR_DEFINITIONS = (
					"DEBUG=1",
					"$(inherited)",
				);
				GCC_WARN_64_TO_32_BIT_CONVERSION = YES;
				GCC_WARN_ABOUT_RETURN_TYPE = YES_ERROR;
				GCC_WARN_UNDECLARED_SELECTOR = YES;
				GCC_WARN_UNINITIALIZED_AUTOS = YES_AGGRESSIVE;
				GCC_WARN_UNUSED_FUNCTION = YES;
				GCC_WARN_UNUSED_VARIABLE = YES;
				IPHONEOS_DEPLOYMENT_TARGET = 9.2;
				MTL_ENABLE_DEBUG_INFO = YES;
				ONLY_ACTIVE_ARCH = YES;
				SDKROOT = iphoneos;
				SWIFT_OPTIMIZATION_LEVEL = "-Onone";
			};
			name = Debug;
		};
		4AF45A151C6F73E100F138C4 /* Release */ = {
			isa = XCBuildConfiguration;
			buildSettings = {
				ALWAYS_SEARCH_USER_PATHS = NO;
				CLANG_CXX_LANGUAGE_STANDARD = "gnu++0x";
				CLANG_CXX_LIBRARY = "libc++";
				CLANG_ENABLE_MODULES = YES;
				CLANG_ENABLE_OBJC_ARC = YES;
				CLANG_WARN_BOOL_CONVERSION = YES;
				CLANG_WARN_CONSTANT_CONVERSION = YES;
				CLANG_WARN_DIRECT_OBJC_ISA_USAGE = YES_ERROR;
				CLANG_WARN_EMPTY_BODY = YES;
				CLANG_WARN_ENUM_CONVERSION = YES;
				CLANG_WARN_INT_CONVERSION = YES;
				CLANG_WARN_OBJC_ROOT_CLASS = YES_ERROR;
				CLANG_WARN_UNREACHABLE_CODE = YES;
				CLANG_WARN__DUPLICATE_METHOD_MATCH = YES;
				"CODE_SIGN_IDENTITY[sdk=iphoneos*]" = "iPhone Developer";
				COPY_PHASE_STRIP = NO;
				DEBUG_INFORMATION_FORMAT = "dwarf-with-dsym";
				ENABLE_NS_ASSERTIONS = NO;
				ENABLE_STRICT_OBJC_MSGSEND = YES;
				GCC_C_LANGUAGE_STANDARD = gnu99;
				GCC_NO_COMMON_BLOCKS = YES;
				GCC_WARN_64_TO_32_BIT_CONVERSION = YES;
				GCC_WARN_ABOUT_RETURN_TYPE = YES_ERROR;
				GCC_WARN_UNDECLARED_SELECTOR = YES;
				GCC_WARN_UNINITIALIZED_AUTOS = YES_AGGRESSIVE;
				GCC_WARN_UNUSED_FUNCTION = YES;
				GCC_WARN_UNUSED_VARIABLE = YES;
				IPHONEOS_DEPLOYMENT_TARGET = 9.2;
				MTL_ENABLE_DEBUG_INFO = NO;
				SDKROOT = iphoneos;
				VALIDATE_PRODUCT = YES;
			};
			name = Release;
		};
		4AF45A171C6F73E100F138C4 /* Debug */ = {
			isa = XCBuildConfiguration;
			buildSettings = {
				ASSETCATALOG_COMPILER_APPICON_NAME = AppIcon;
				INFOPLIST_FILE = nyclit/Info.plist;
				LD_RUNPATH_SEARCH_PATHS = "$(inherited) @executable_path/Frameworks";
				PRODUCT_BUNDLE_IDENTIFIER = BMPQ.nyclit;
				PRODUCT_NAME = "$(TARGET_NAME)";
			};
			name = Debug;
		};
		4AF45A181C6F73E100F138C4 /* Release */ = {
			isa = XCBuildConfiguration;
			buildSettings = {
				ASSETCATALOG_COMPILER_APPICON_NAME = AppIcon;
				INFOPLIST_FILE = nyclit/Info.plist;
				LD_RUNPATH_SEARCH_PATHS = "$(inherited) @executable_path/Frameworks";
				PRODUCT_BUNDLE_IDENTIFIER = BMPQ.nyclit;
				PRODUCT_NAME = "$(TARGET_NAME)";
			};
			name = Release;
		};
		4AF45A1A1C6F73E100F138C4 /* Debug */ = {
			isa = XCBuildConfiguration;
			buildSettings = {
				BUNDLE_LOADER = "$(TEST_HOST)";
				INFOPLIST_FILE = nyclitTests/Info.plist;
				LD_RUNPATH_SEARCH_PATHS = "$(inherited) @executable_path/Frameworks @loader_path/Frameworks";
				PRODUCT_BUNDLE_IDENTIFIER = BMPQ.nyclitTests;
				PRODUCT_NAME = "$(TARGET_NAME)";
				TEST_HOST = "$(BUILT_PRODUCTS_DIR)/nyclit.app/nyclit";
			};
			name = Debug;
		};
		4AF45A1B1C6F73E100F138C4 /* Release */ = {
			isa = XCBuildConfiguration;
			buildSettings = {
				BUNDLE_LOADER = "$(TEST_HOST)";
				INFOPLIST_FILE = nyclitTests/Info.plist;
				LD_RUNPATH_SEARCH_PATHS = "$(inherited) @executable_path/Frameworks @loader_path/Frameworks";
				PRODUCT_BUNDLE_IDENTIFIER = BMPQ.nyclitTests;
				PRODUCT_NAME = "$(TARGET_NAME)";
				TEST_HOST = "$(BUILT_PRODUCTS_DIR)/nyclit.app/nyclit";
			};
			name = Release;
		};
		4AF45A1D1C6F73E100F138C4 /* Debug */ = {
			isa = XCBuildConfiguration;
			buildSettings = {
				INFOPLIST_FILE = nyclitUITests/Info.plist;
				LD_RUNPATH_SEARCH_PATHS = "$(inherited) @executable_path/Frameworks @loader_path/Frameworks";
				PRODUCT_BUNDLE_IDENTIFIER = BMPQ.nyclitUITests;
				PRODUCT_NAME = "$(TARGET_NAME)";
				TEST_TARGET_NAME = nyclit;
				USES_XCTRUNNER = YES;
			};
			name = Debug;
		};
		4AF45A1E1C6F73E100F138C4 /* Release */ = {
			isa = XCBuildConfiguration;
			buildSettings = {
				INFOPLIST_FILE = nyclitUITests/Info.plist;
				LD_RUNPATH_SEARCH_PATHS = "$(inherited) @executable_path/Frameworks @loader_path/Frameworks";
				PRODUCT_BUNDLE_IDENTIFIER = BMPQ.nyclitUITests;
				PRODUCT_NAME = "$(TARGET_NAME)";
				TEST_TARGET_NAME = nyclit;
				USES_XCTRUNNER = YES;
			};
			name = Release;
		};
/* End XCBuildConfiguration section */

/* Begin XCConfigurationList section */
		4AF459E91C6F73E000F138C4 /* Build configuration list for PBXProject "nyclit" */ = {
			isa = XCConfigurationList;
			buildConfigurations = (
				4AF45A141C6F73E100F138C4 /* Debug */,
				4AF45A151C6F73E100F138C4 /* Release */,
			);
			defaultConfigurationIsVisible = 0;
			defaultConfigurationName = Release;
		};
		4AF45A161C6F73E100F138C4 /* Build configuration list for PBXNativeTarget "nyclit" */ = {
			isa = XCConfigurationList;
			buildConfigurations = (
				4AF45A171C6F73E100F138C4 /* Debug */,
				4AF45A181C6F73E100F138C4 /* Release */,
			);
			defaultConfigurationIsVisible = 0;
		};
		4AF45A191C6F73E100F138C4 /* Build configuration list for PBXNativeTarget "nyclitTests" */ = {
			isa = XCConfigurationList;
			buildConfigurations = (
				4AF45A1A1C6F73E100F138C4 /* Debug */,
				4AF45A1B1C6F73E100F138C4 /* Release */,
			);
			defaultConfigurationIsVisible = 0;
		};
		4AF45A1C1C6F73E100F138C4 /* Build configuration list for PBXNativeTarget "nyclitUITests" */ = {
			isa = XCConfigurationList;
			buildConfigurations = (
				4AF45A1D1C6F73E100F138C4 /* Debug */,
				4AF45A1E1C6F73E100F138C4 /* Release */,
			);
			defaultConfigurationIsVisible = 0;
		};
/* End XCConfigurationList section */
	};
	rootObject = 4AF459E61C6F73E000F138C4 /* Project object */;
}
