// !$*UTF8*$!
{
	archiveVersion = 1;
	classes = {
	};
	objectVersion = 46;
	objects = {

/* Begin PBXBuildFile section */
		4A3A617E1C6FB30B00F207A0 /* AppDelegate.swift in Sources */ = {isa = PBXBuildFile; fileRef = 4A3A617D1C6FB30B00F207A0 /* AppDelegate.swift */; };
		4A3A61801C6FB30B00F207A0 /* ViewController.swift in Sources */ = {isa = PBXBuildFile; fileRef = 4A3A617F1C6FB30B00F207A0 /* ViewController.swift */; };
		4A3A61831C6FB30B00F207A0 /* Main.storyboard in Resources */ = {isa = PBXBuildFile; fileRef = 4A3A61811C6FB30B00F207A0 /* Main.storyboard */; };
		4A3A61851C6FB30B00F207A0 /* Assets.xcassets in Resources */ = {isa = PBXBuildFile; fileRef = 4A3A61841C6FB30B00F207A0 /* Assets.xcassets */; };
		4A3A61881C6FB30B00F207A0 /* LaunchScreen.storyboard in Resources */ = {isa = PBXBuildFile; fileRef = 4A3A61861C6FB30B00F207A0 /* LaunchScreen.storyboard */; };
		4A3A61931C6FB30C00F207A0 /* nylitTests.swift in Sources */ = {isa = PBXBuildFile; fileRef = 4A3A61921C6FB30C00F207A0 /* nylitTests.swift */; };
		4A3A619E1C6FB30C00F207A0 /* nylitUITests.swift in Sources */ = {isa = PBXBuildFile; fileRef = 4A3A619D1C6FB30C00F207A0 /* nylitUITests.swift */; };
/* End PBXBuildFile section */

/* Begin PBXContainerItemProxy section */
		4A3A618F1C6FB30C00F207A0 /* PBXContainerItemProxy */ = {
			isa = PBXContainerItemProxy;
			containerPortal = 4A3A61721C6FB30B00F207A0 /* Project object */;
			proxyType = 1;
			remoteGlobalIDString = 4A3A61791C6FB30B00F207A0;
			remoteInfo = nylit;
		};
		4A3A619A1C6FB30C00F207A0 /* PBXContainerItemProxy */ = {
			isa = PBXContainerItemProxy;
			containerPortal = 4A3A61721C6FB30B00F207A0 /* Project object */;
			proxyType = 1;
			remoteGlobalIDString = 4A3A61791C6FB30B00F207A0;
			remoteInfo = nylit;
		};
/* End PBXContainerItemProxy section */

/* Begin PBXFileReference section */
		4A3A617A1C6FB30B00F207A0 /* nylit.app */ = {isa = PBXFileReference; explicitFileType = wrapper.application; includeInIndex = 0; path = nylit.app; sourceTree = BUILT_PRODUCTS_DIR; };
		4A3A617D1C6FB30B00F207A0 /* AppDelegate.swift */ = {isa = PBXFileReference; lastKnownFileType = sourcecode.swift; path = AppDelegate.swift; sourceTree = "<group>"; };
		4A3A617F1C6FB30B00F207A0 /* ViewController.swift */ = {isa = PBXFileReference; lastKnownFileType = sourcecode.swift; path = ViewController.swift; sourceTree = "<group>"; };
		4A3A61821C6FB30B00F207A0 /* Base */ = {isa = PBXFileReference; lastKnownFileType = file.storyboard; name = Base; path = Base.lproj/Main.storyboard; sourceTree = "<group>"; };
		4A3A61841C6FB30B00F207A0 /* Assets.xcassets */ = {isa = PBXFileReference; lastKnownFileType = folder.assetcatalog; path = Assets.xcassets; sourceTree = "<group>"; };
		4A3A61871C6FB30B00F207A0 /* Base */ = {isa = PBXFileReference; lastKnownFileType = file.storyboard; name = Base; path = Base.lproj/LaunchScreen.storyboard; sourceTree = "<group>"; };
		4A3A61891C6FB30B00F207A0 /* Info.plist */ = {isa = PBXFileReference; lastKnownFileType = text.plist.xml; path = Info.plist; sourceTree = "<group>"; };
		4A3A618E1C6FB30C00F207A0 /* nylitTests.xctest */ = {isa = PBXFileReference; explicitFileType = wrapper.cfbundle; includeInIndex = 0; path = nylitTests.xctest; sourceTree = BUILT_PRODUCTS_DIR; };
		4A3A61921C6FB30C00F207A0 /* nylitTests.swift */ = {isa = PBXFileReference; lastKnownFileType = sourcecode.swift; path = nylitTests.swift; sourceTree = "<group>"; };
		4A3A61941C6FB30C00F207A0 /* Info.plist */ = {isa = PBXFileReference; lastKnownFileType = text.plist.xml; path = Info.plist; sourceTree = "<group>"; };
		4A3A61991C6FB30C00F207A0 /* nylitUITests.xctest */ = {isa = PBXFileReference; explicitFileType = wrapper.cfbundle; includeInIndex = 0; path = nylitUITests.xctest; sourceTree = BUILT_PRODUCTS_DIR; };
		4A3A619D1C6FB30C00F207A0 /* nylitUITests.swift */ = {isa = PBXFileReference; lastKnownFileType = sourcecode.swift; path = nylitUITests.swift; sourceTree = "<group>"; };
		4A3A619F1C6FB30C00F207A0 /* Info.plist */ = {isa = PBXFileReference; lastKnownFileType = text.plist.xml; path = Info.plist; sourceTree = "<group>"; };
/* End PBXFileReference section */

/* Begin PBXFrameworksBuildPhase section */
		4A3A61771C6FB30B00F207A0 /* Frameworks */ = {
			isa = PBXFrameworksBuildPhase;
			buildActionMask = 2147483647;
			files = (
			);
			runOnlyForDeploymentPostprocessing = 0;
		};
		4A3A618B1C6FB30C00F207A0 /* Frameworks */ = {
			isa = PBXFrameworksBuildPhase;
			buildActionMask = 2147483647;
			files = (
			);
			runOnlyForDeploymentPostprocessing = 0;
		};
		4A3A61961C6FB30C00F207A0 /* Frameworks */ = {
			isa = PBXFrameworksBuildPhase;
			buildActionMask = 2147483647;
			files = (
			);
			runOnlyForDeploymentPostprocessing = 0;
		};
/* End PBXFrameworksBuildPhase section */

/* Begin PBXGroup section */
		4A3A61711C6FB30B00F207A0 = {
			isa = PBXGroup;
			children = (
				4A3A617C1C6FB30B00F207A0 /* nylit */,
				4A3A61911C6FB30C00F207A0 /* nylitTests */,
				4A3A619C1C6FB30C00F207A0 /* nylitUITests */,
				4A3A617B1C6FB30B00F207A0 /* Products */,
			);
			sourceTree = "<group>";
		};
		4A3A617B1C6FB30B00F207A0 /* Products */ = {
			isa = PBXGroup;
			children = (
				4A3A617A1C6FB30B00F207A0 /* nylit.app */,
				4A3A618E1C6FB30C00F207A0 /* nylitTests.xctest */,
				4A3A61991C6FB30C00F207A0 /* nylitUITests.xctest */,
			);
			name = Products;
			sourceTree = "<group>";
		};
		4A3A617C1C6FB30B00F207A0 /* nylit */ = {
			isa = PBXGroup;
			children = (
				4A3A617D1C6FB30B00F207A0 /* AppDelegate.swift */,
				4A3A617F1C6FB30B00F207A0 /* ViewController.swift */,
				4A3A61811C6FB30B00F207A0 /* Main.storyboard */,
				4A3A61841C6FB30B00F207A0 /* Assets.xcassets */,
				4A3A61861C6FB30B00F207A0 /* LaunchScreen.storyboard */,
				4A3A61891C6FB30B00F207A0 /* Info.plist */,
			);
			path = nylit;
			sourceTree = "<group>";
		};
		4A3A61911C6FB30C00F207A0 /* nylitTests */ = {
			isa = PBXGroup;
			children = (
				4A3A61921C6FB30C00F207A0 /* nylitTests.swift */,
				4A3A61941C6FB30C00F207A0 /* Info.plist */,
			);
			path = nylitTests;
			sourceTree = "<group>";
		};
		4A3A619C1C6FB30C00F207A0 /* nylitUITests */ = {
			isa = PBXGroup;
			children = (
				4A3A619D1C6FB30C00F207A0 /* nylitUITests.swift */,
				4A3A619F1C6FB30C00F207A0 /* Info.plist */,
			);
			path = nylitUITests;
			sourceTree = "<group>";
		};
/* End PBXGroup section */

/* Begin PBXNativeTarget section */
		4A3A61791C6FB30B00F207A0 /* nylit */ = {
			isa = PBXNativeTarget;
			buildConfigurationList = 4A3A61A21C6FB30C00F207A0 /* Build configuration list for PBXNativeTarget "nylit" */;
			buildPhases = (
				4A3A61761C6FB30B00F207A0 /* Sources */,
				4A3A61771C6FB30B00F207A0 /* Frameworks */,
				4A3A61781C6FB30B00F207A0 /* Resources */,
			);
			buildRules = (
			);
			dependencies = (
			);
			name = nylit;
			productName = nylit;
			productReference = 4A3A617A1C6FB30B00F207A0 /* nylit.app */;
			productType = "com.apple.product-type.application";
		};
		4A3A618D1C6FB30C00F207A0 /* nylitTests */ = {
			isa = PBXNativeTarget;
			buildConfigurationList = 4A3A61A51C6FB30C00F207A0 /* Build configuration list for PBXNativeTarget "nylitTests" */;
			buildPhases = (
				4A3A618A1C6FB30C00F207A0 /* Sources */,
				4A3A618B1C6FB30C00F207A0 /* Frameworks */,
				4A3A618C1C6FB30C00F207A0 /* Resources */,
			);
			buildRules = (
			);
			dependencies = (
				4A3A61901C6FB30C00F207A0 /* PBXTargetDependency */,
			);
			name = nylitTests;
			productName = nylitTests;
			productReference = 4A3A618E1C6FB30C00F207A0 /* nylitTests.xctest */;
			productType = "com.apple.product-type.bundle.unit-test";
		};
		4A3A61981C6FB30C00F207A0 /* nylitUITests */ = {
			isa = PBXNativeTarget;
			buildConfigurationList = 4A3A61A81C6FB30C00F207A0 /* Build configuration list for PBXNativeTarget "nylitUITests" */;
			buildPhases = (
				4A3A61951C6FB30C00F207A0 /* Sources */,
				4A3A61961C6FB30C00F207A0 /* Frameworks */,
				4A3A61971C6FB30C00F207A0 /* Resources */,
			);
			buildRules = (
			);
			dependencies = (
				4A3A619B1C6FB30C00F207A0 /* PBXTargetDependency */,
			);
			name = nylitUITests;
			productName = nylitUITests;
			productReference = 4A3A61991C6FB30C00F207A0 /* nylitUITests.xctest */;
			productType = "com.apple.product-type.bundle.ui-testing";
		};
/* End PBXNativeTarget section */

/* Begin PBXProject section */
		4A3A61721C6FB30B00F207A0 /* Project object */ = {
			isa = PBXProject;
			attributes = {
				LastSwiftUpdateCheck = 0720;
				LastUpgradeCheck = 0720;
				ORGANIZATIONNAME = BMPQ;
				TargetAttributes = {
					4A3A61791C6FB30B00F207A0 = {
						CreatedOnToolsVersion = 7.2.1;
					};
					4A3A618D1C6FB30C00F207A0 = {
						CreatedOnToolsVersion = 7.2.1;
						TestTargetID = 4A3A61791C6FB30B00F207A0;
					};
					4A3A61981C6FB30C00F207A0 = {
						CreatedOnToolsVersion = 7.2.1;
						TestTargetID = 4A3A61791C6FB30B00F207A0;
					};
				};
			};
			buildConfigurationList = 4A3A61751C6FB30B00F207A0 /* Build configuration list for PBXProject "nylit" */;
			compatibilityVersion = "Xcode 3.2";
			developmentRegion = English;
			hasScannedForEncodings = 0;
			knownRegions = (
				en,
				Base,
			);
			mainGroup = 4A3A61711C6FB30B00F207A0;
			productRefGroup = 4A3A617B1C6FB30B00F207A0 /* Products */;
			projectDirPath = "";
			projectRoot = "";
			targets = (
				4A3A61791C6FB30B00F207A0 /* nylit */,
				4A3A618D1C6FB30C00F207A0 /* nylitTests */,
				4A3A61981C6FB30C00F207A0 /* nylitUITests */,
			);
		};
/* End PBXProject section */

/* Begin PBXResourcesBuildPhase section */
		4A3A61781C6FB30B00F207A0 /* Resources */ = {
			isa = PBXResourcesBuildPhase;
			buildActionMask = 2147483647;
			files = (
				4A3A61881C6FB30B00F207A0 /* LaunchScreen.storyboard in Resources */,
				4A3A61851C6FB30B00F207A0 /* Assets.xcassets in Resources */,
				4A3A61831C6FB30B00F207A0 /* Main.storyboard in Resources */,
			);
			runOnlyForDeploymentPostprocessing = 0;
		};
		4A3A618C1C6FB30C00F207A0 /* Resources */ = {
			isa = PBXResourcesBuildPhase;
			buildActionMask = 2147483647;
			files = (
			);
			runOnlyForDeploymentPostprocessing = 0;
		};
		4A3A61971C6FB30C00F207A0 /* Resources */ = {
			isa = PBXResourcesBuildPhase;
			buildActionMask = 2147483647;
			files = (
			);
			runOnlyForDeploymentPostprocessing = 0;
		};
/* End PBXResourcesBuildPhase section */

/* Begin PBXSourcesBuildPhase section */
		4A3A61761C6FB30B00F207A0 /* Sources */ = {
			isa = PBXSourcesBuildPhase;
			buildActionMask = 2147483647;
			files = (
				4A3A61801C6FB30B00F207A0 /* ViewController.swift in Sources */,
				4A3A617E1C6FB30B00F207A0 /* AppDelegate.swift in Sources */,
			);
			runOnlyForDeploymentPostprocessing = 0;
		};
		4A3A618A1C6FB30C00F207A0 /* Sources */ = {
			isa = PBXSourcesBuildPhase;
			buildActionMask = 2147483647;
			files = (
				4A3A61931C6FB30C00F207A0 /* nylitTests.swift in Sources */,
			);
			runOnlyForDeploymentPostprocessing = 0;
		};
		4A3A61951C6FB30C00F207A0 /* Sources */ = {
			isa = PBXSourcesBuildPhase;
			buildActionMask = 2147483647;
			files = (
				4A3A619E1C6FB30C00F207A0 /* nylitUITests.swift in Sources */,
			);
			runOnlyForDeploymentPostprocessing = 0;
		};
/* End PBXSourcesBuildPhase section */

/* Begin PBXTargetDependency section */
		4A3A61901C6FB30C00F207A0 /* PBXTargetDependency */ = {
			isa = PBXTargetDependency;
			target = 4A3A61791C6FB30B00F207A0 /* nylit */;
			targetProxy = 4A3A618F1C6FB30C00F207A0 /* PBXContainerItemProxy */;
		};
		4A3A619B1C6FB30C00F207A0 /* PBXTargetDependency */ = {
			isa = PBXTargetDependency;
			target = 4A3A61791C6FB30B00F207A0 /* nylit */;
			targetProxy = 4A3A619A1C6FB30C00F207A0 /* PBXContainerItemProxy */;
		};
/* End PBXTargetDependency section */

/* Begin PBXVariantGroup section */
		4A3A61811C6FB30B00F207A0 /* Main.storyboard */ = {
			isa = PBXVariantGroup;
			children = (
				4A3A61821C6FB30B00F207A0 /* Base */,
			);
			name = Main.storyboard;
			sourceTree = "<group>";
		};
		4A3A61861C6FB30B00F207A0 /* LaunchScreen.storyboard */ = {
			isa = PBXVariantGroup;
			children = (
				4A3A61871C6FB30B00F207A0 /* Base */,
			);
			name = LaunchScreen.storyboard;
			sourceTree = "<group>";
		};
/* End PBXVariantGroup section */

/* Begin XCBuildConfiguration section */
		4A3A61A01C6FB30C00F207A0 /* Debug */ = {
			isa = XCBuildConfiguration;
			buildSettings = {
				ALWAYS_SEARCH_USER_PATHS = NO;
				CLANG_CXX_LANGUAGE_STANDARD = "gnu++0x";
				CLANG_CXX_LIBRARY = "libc++";
				CLANG_ENABLE_MODULES = YES;
				CLANG_ENABLE_OBJC_ARC = YES;
				CLANG_WARN_BOOL_CONVERSION = YES;
				CLANG_WARN_CONSTANT_CONVERSION = YES;
				CLANG_WARN_DIRECT_OBJC_ISA_USAGE = YES_ERROR;
				CLANG_WARN_EMPTY_BODY = YES;
				CLANG_WARN_ENUM_CONVERSION = YES;
				CLANG_WARN_INT_CONVERSION = YES;
				CLANG_WARN_OBJC_ROOT_CLASS = YES_ERROR;
				CLANG_WARN_UNREACHABLE_CODE = YES;
				CLANG_WARN__DUPLICATE_METHOD_MATCH = YES;
				"CODE_SIGN_IDENTITY[sdk=iphoneos*]" = "iPhone Developer";
				COPY_PHASE_STRIP = NO;
				DEBUG_INFORMATION_FORMAT = dwarf;
				ENABLE_STRICT_OBJC_MSGSEND = YES;
				ENABLE_TESTABILITY = YES;
				GCC_C_LANGUAGE_STANDARD = gnu99;
				GCC_DYNAMIC_NO_PIC = NO;
				GCC_NO_COMMON_BLOCKS = YES;
				GCC_OPTIMIZATION_LEVEL = 0;
				GCC_PREPROCESSOR_DEFINITIONS = (
					"DEBUG=1",
					"$(inherited)",
				);
				GCC_WARN_64_TO_32_BIT_CONVERSION = YES;
				GCC_WARN_ABOUT_RETURN_TYPE = YES_ERROR;
				GCC_WARN_UNDECLARED_SELECTOR = YES;
				GCC_WARN_UNINITIALIZED_AUTOS = YES_AGGRESSIVE;
				GCC_WARN_UNUSED_FUNCTION = YES;
				GCC_WARN_UNUSED_VARIABLE = YES;
				IPHONEOS_DEPLOYMENT_TARGET = 9.2;
				MTL_ENABLE_DEBUG_INFO = YES;
				ONLY_ACTIVE_ARCH = YES;
				SDKROOT = iphoneos;
				SWIFT_OPTIMIZATION_LEVEL = "-Onone";
			};
			name = Debug;
		};
		4A3A61A11C6FB30C00F207A0 /* Release */ = {
			isa = XCBuildConfiguration;
			buildSettings = {
				ALWAYS_SEARCH_USER_PATHS = NO;
				CLANG_CXX_LANGUAGE_STANDARD = "gnu++0x";
				CLANG_CXX_LIBRARY = "libc++";
				CLANG_ENABLE_MODULES = YES;
				CLANG_ENABLE_OBJC_ARC = YES;
				CLANG_WARN_BOOL_CONVERSION = YES;
				CLANG_WARN_CONSTANT_CONVERSION = YES;
				CLANG_WARN_DIRECT_OBJC_ISA_USAGE = YES_ERROR;
				CLANG_WARN_EMPTY_BODY = YES;
				CLANG_WARN_ENUM_CONVERSION = YES;
				CLANG_WARN_INT_CONVERSION = YES;
				CLANG_WARN_OBJC_ROOT_CLASS = YES_ERROR;
				CLANG_WARN_UNREACHABLE_CODE = YES;
				CLANG_WARN__DUPLICATE_METHOD_MATCH = YES;
				"CODE_SIGN_IDENTITY[sdk=iphoneos*]" = "iPhone Developer";
				COPY_PHASE_STRIP = NO;
				DEBUG_INFORMATION_FORMAT = "dwarf-with-dsym";
				ENABLE_NS_ASSERTIONS = NO;
				ENABLE_STRICT_OBJC_MSGSEND = YES;
				GCC_C_LANGUAGE_STANDARD = gnu99;
				GCC_NO_COMMON_BLOCKS = YES;
				GCC_WARN_64_TO_32_BIT_CONVERSION = YES;
				GCC_WARN_ABOUT_RETURN_TYPE = YES_ERROR;
				GCC_WARN_UNDECLARED_SELECTOR = YES;
				GCC_WARN_UNINITIALIZED_AUTOS = YES_AGGRESSIVE;
				GCC_WARN_UNUSED_FUNCTION = YES;
				GCC_WARN_UNUSED_VARIABLE = YES;
				IPHONEOS_DEPLOYMENT_TARGET = 9.2;
				MTL_ENABLE_DEBUG_INFO = NO;
				SDKROOT = iphoneos;
				VALIDATE_PRODUCT = YES;
			};
			name = Release;
		};
		4A3A61A31C6FB30C00F207A0 /* Debug */ = {
			isa = XCBuildConfiguration;
			buildSettings = {
				ASSETCATALOG_COMPILER_APPICON_NAME = AppIcon;
				INFOPLIST_FILE = nylit/Info.plist;
				LD_RUNPATH_SEARCH_PATHS = "$(inherited) @executable_path/Frameworks";
				PRODUCT_BUNDLE_IDENTIFIER = BMPQ.nylit;
				PRODUCT_NAME = "$(TARGET_NAME)";
			};
			name = Debug;
		};
		4A3A61A41C6FB30C00F207A0 /* Release */ = {
			isa = XCBuildConfiguration;
			buildSettings = {
				ASSETCATALOG_COMPILER_APPICON_NAME = AppIcon;
				INFOPLIST_FILE = nylit/Info.plist;
				LD_RUNPATH_SEARCH_PATHS = "$(inherited) @executable_path/Frameworks";
				PRODUCT_BUNDLE_IDENTIFIER = BMPQ.nylit;
				PRODUCT_NAME = "$(TARGET_NAME)";
			};
			name = Release;
		};
		4A3A61A61C6FB30C00F207A0 /* Debug */ = {
			isa = XCBuildConfiguration;
			buildSettings = {
				BUNDLE_LOADER = "$(TEST_HOST)";
				INFOPLIST_FILE = nylitTests/Info.plist;
				LD_RUNPATH_SEARCH_PATHS = "$(inherited) @executable_path/Frameworks @loader_path/Frameworks";
				PRODUCT_BUNDLE_IDENTIFIER = BMPQ.nylitTests;
				PRODUCT_NAME = "$(TARGET_NAME)";
				TEST_HOST = "$(BUILT_PRODUCTS_DIR)/nylit.app/nylit";
			};
			name = Debug;
		};
		4A3A61A71C6FB30C00F207A0 /* Release */ = {
			isa = XCBuildConfiguration;
			buildSettings = {
				BUNDLE_LOADER = "$(TEST_HOST)";
				INFOPLIST_FILE = nylitTests/Info.plist;
				LD_RUNPATH_SEARCH_PATHS = "$(inherited) @executable_path/Frameworks @loader_path/Frameworks";
				PRODUCT_BUNDLE_IDENTIFIER = BMPQ.nylitTests;
				PRODUCT_NAME = "$(TARGET_NAME)";
				TEST_HOST = "$(BUILT_PRODUCTS_DIR)/nylit.app/nylit";
			};
			name = Release;
		};
		4A3A61A91C6FB30C00F207A0 /* Debug */ = {
			isa = XCBuildConfiguration;
			buildSettings = {
				INFOPLIST_FILE = nylitUITests/Info.plist;
				LD_RUNPATH_SEARCH_PATHS = "$(inherited) @executable_path/Frameworks @loader_path/Frameworks";
				PRODUCT_BUNDLE_IDENTIFIER = BMPQ.nylitUITests;
				PRODUCT_NAME = "$(TARGET_NAME)";
				TEST_TARGET_NAME = nylit;
				USES_XCTRUNNER = YES;
			};
			name = Debug;
		};
		4A3A61AA1C6FB30C00F207A0 /* Release */ = {
			isa = XCBuildConfiguration;
			buildSettings = {
				INFOPLIST_FILE = nylitUITests/Info.plist;
				LD_RUNPATH_SEARCH_PATHS = "$(inherited) @executable_path/Frameworks @loader_path/Frameworks";
				PRODUCT_BUNDLE_IDENTIFIER = BMPQ.nylitUITests;
				PRODUCT_NAME = "$(TARGET_NAME)";
				TEST_TARGET_NAME = nylit;
				USES_XCTRUNNER = YES;
			};
			name = Release;
		};
/* End XCBuildConfiguration section */

/* Begin XCConfigurationList section */
		4A3A61751C6FB30B00F207A0 /* Build configuration list for PBXProject "nylit" */ = {
			isa = XCConfigurationList;
			buildConfigurations = (
				4A3A61A01C6FB30C00F207A0 /* Debug */,
				4A3A61A11C6FB30C00F207A0 /* Release */,
			);
			defaultConfigurationIsVisible = 0;
			defaultConfigurationName = Release;
		};
		4A3A61A21C6FB30C00F207A0 /* Build configuration list for PBXNativeTarget "nylit" */ = {
			isa = XCConfigurationList;
			buildConfigurations = (
				4A3A61A31C6FB30C00F207A0 /* Debug */,
				4A3A61A41C6FB30C00F207A0 /* Release */,
			);
			defaultConfigurationIsVisible = 0;
		};
		4A3A61A51C6FB30C00F207A0 /* Build configuration list for PBXNativeTarget "nylitTests" */ = {
			isa = XCConfigurationList;
			buildConfigurations = (
				4A3A61A61C6FB30C00F207A0 /* Debug */,
				4A3A61A71C6FB30C00F207A0 /* Release */,
			);
			defaultConfigurationIsVisible = 0;
		};
		4A3A61A81C6FB30C00F207A0 /* Build configuration list for PBXNativeTarget "nylitUITests" */ = {
			isa = XCConfigurationList;
			buildConfigurations = (
				4A3A61A91C6FB30C00F207A0 /* Debug */,
				4A3A61AA1C6FB30C00F207A0 /* Release */,
			);
			defaultConfigurationIsVisible = 0;
		};
/* End XCConfigurationList section */
	};
	rootObject = 4A3A61721C6FB30B00F207A0 /* Project object */;
}
